
Microsoft Visual Studio Solution File, Format Version 12.00
# Visual Studio 15
VisualStudioVersion = 15.0.28307.421
MinimumVisualStudioVersion = 10.0.40219.1
Project("{9A19103F-16F7-4668-BE54-9A1E7A4F7556}") = "P01_Sort_Persons", "P01_Sort_Persons\P01_Sort_Persons.csproj", "{29553F70-F18A-4863-A568-F3CF49562264}"
EndProject
Project("{9A19103F-16F7-4668-BE54-9A1E7A4F7556}") = "P02_Salary", "P02_Salary\P02_Salary.csproj", "{3D84933C-659E-4710-B3D9-2DED7CA1F40F}"
EndProject
Project("{9A19103F-16F7-4668-BE54-9A1E7A4F7556}") = "P03_Validation", "P03_Validation\P03_Validation.csproj", "{92041613-353A-456C-A189-C37519374B9A}"
EndProject
Project("{FAE04EC0-301F-11D3-BF4B-00C04F79EFBC}") = "P04_Team", "P04_Team\P04_Team.csproj", "{DFC4A394-A79A-42C1-BA01-F6C2C02B50CB}"
EndProject
Global
	GlobalSection(SolutionConfigurationPlatforms) = preSolution
		Debug|Any CPU = Debug|Any CPU
		Release|Any CPU = Release|Any CPU
	EndGlobalSection
	GlobalSection(ProjectConfigurationPlatforms) = postSolution
		{29553F70-F18A-4863-A568-F3CF49562264}.Debug|Any CPU.ActiveCfg = Debug|Any CPU
		{29553F70-F18A-4863-A568-F3CF49562264}.Debug|Any CPU.Build.0 = Debug|Any CPU
		{29553F70-F18A-4863-A568-F3CF49562264}.Release|Any CPU.ActiveCfg = Release|Any CPU
		{29553F70-F18A-4863-A568-F3CF49562264}.Release|Any CPU.Build.0 = Release|Any CPU
		{3D84933C-659E-4710-B3D9-2DED7CA1F40F}.Debug|Any CPU.ActiveCfg = Debug|Any CPU
		{3D84933C-659E-4710-B3D9-2DED7CA1F40F}.Debug|Any CPU.Build.0 = Debug|Any CPU
		{3D84933C-659E-4710-B3D9-2DED7CA1F40F}.Release|Any CPU.ActiveCfg = Release|Any CPU
		{3D84933C-659E-4710-B3D9-2DED7CA1F40F}.Release|Any CPU.Build.0 = Release|Any CPU
		{92041613-353A-456C-A189-C37519374B9A}.Debug|Any CPU.ActiveCfg = Debug|Any CPU
		{92041613-353A-456C-A189-C37519374B9A}.Debug|Any CPU.Build.0 = Debug|Any CPU
		{92041613-353A-456C-A189-C37519374B9A}.Release|Any CPU.ActiveCfg = Release|Any CPU
		{92041613-353A-456C-A189-C37519374B9A}.Release|Any CPU.Build.0 = Release|Any CPU
		{DFC4A394-A79A-42C1-BA01-F6C2C02B50CB}.Debug|Any CPU.ActiveCfg = Debug|Any CPU
		{DFC4A394-A79A-42C1-BA01-F6C2C02B50CB}.Debug|Any CPU.Build.0 = Debug|Any CPU
		{DFC4A394-A79A-42C1-BA01-F6C2C02B50CB}.Release|Any CPU.ActiveCfg = Release|Any CPU
		{DFC4A394-A79A-42C1-BA01-F6C2C02B50CB}.Release|Any CPU.Build.0 = Release|Any CPU
	EndGlobalSection
	GlobalSection(SolutionProperties) = preSolution
		HideSolutionNode = FALSE
	EndGlobalSection
	GlobalSection(ExtensibilityGlobals) = postSolution
		SolutionGuid = {9E60FE0D-90E7-4B4D-BB16-A027327DDB31}
	EndGlobalSection
EndGlobal
