
Microsoft Visual Studio Solution File, Format Version 12.00
# Visual Studio 15
VisualStudioVersion = 15.0.28307.421
MinimumVisualStudioVersion = 10.0.40219.1
Project("{9A19103F-16F7-4668-BE54-9A1E7A4F7556}") = "P01_Club_Party", "P01_Club_Party\P01_Club_Party.csproj", "{90B009D1-D5DF-4124-9924-B1299E7F5AA1}"
EndProject
Project("{FAE04EC0-301F-11D3-BF4B-00C04F79EFBC}") = "Heroes", "Heroes\Heroes.csproj", "{BA84DF36-B850-423F-8425-85B435A7C510}"
EndProject
Project("{FAE04EC0-301F-11D3-BF4B-00C04F79EFBC}") = "P02_Tron_Racers", "P02_Tron_Racers\P02_Tron_Racers.csproj", "{F1E71FBB-B8DD-4B68-ABBB-D2BD1E7D0B58}"
EndProject
Global
	GlobalSection(SolutionConfigurationPlatforms) = preSolution
		Debug|Any CPU = Debug|Any CPU
		Release|Any CPU = Release|Any CPU
	EndGlobalSection
	GlobalSection(ProjectConfigurationPlatforms) = postSolution
		{90B009D1-D5DF-4124-9924-B1299E7F5AA1}.Debug|Any CPU.ActiveCfg = Debug|Any CPU
		{90B009D1-D5DF-4124-9924-B1299E7F5AA1}.Debug|Any CPU.Build.0 = Debug|Any CPU
		{90B009D1-D5DF-4124-9924-B1299E7F5AA1}.Release|Any CPU.ActiveCfg = Release|Any CPU
		{90B009D1-D5DF-4124-9924-B1299E7F5AA1}.Release|Any CPU.Build.0 = Release|Any CPU
		{BA84DF36-B850-423F-8425-85B435A7C510}.Debug|Any CPU.ActiveCfg = Debug|Any CPU
		{BA84DF36-B850-423F-8425-85B435A7C510}.Debug|Any CPU.Build.0 = Debug|Any CPU
		{BA84DF36-B850-423F-8425-85B435A7C510}.Release|Any CPU.ActiveCfg = Release|Any CPU
		{BA84DF36-B850-423F-8425-85B435A7C510}.Release|Any CPU.Build.0 = Release|Any CPU
		{F1E71FBB-B8DD-4B68-ABBB-D2BD1E7D0B58}.Debug|Any CPU.ActiveCfg = Debug|Any CPU
		{F1E71FBB-B8DD-4B68-ABBB-D2BD1E7D0B58}.Debug|Any CPU.Build.0 = Debug|Any CPU
		{F1E71FBB-B8DD-4B68-ABBB-D2BD1E7D0B58}.Release|Any CPU.ActiveCfg = Release|Any CPU
		{F1E71FBB-B8DD-4B68-ABBB-D2BD1E7D0B58}.Release|Any CPU.Build.0 = Release|Any CPU
	EndGlobalSection
	GlobalSection(SolutionProperties) = preSolution
		HideSolutionNode = FALSE
	EndGlobalSection
	GlobalSection(ExtensibilityGlobals) = postSolution
		SolutionGuid = {F2727C20-A373-4853-95CF-98577A3466FD}
	EndGlobalSection
EndGlobal
