
Microsoft Visual Studio Solution File, Format Version 12.00
# Visual Studio 15
VisualStudioVersion = 15.0.28307.421
MinimumVisualStudioVersion = 10.0.40219.1
Project("{FAE04EC0-301F-11D3-BF4B-00C04F79EFBC}") = "LoggerDemo", "LoggerDemo\LoggerDemo.csproj", "{6BC66A43-C1C9-4210-8AE6-E87E0C77625D}"
EndProject
Global
	GlobalSection(SolutionConfigurationPlatforms) = preSolution
		Debug|Any CPU = Debug|Any CPU
		Release|Any CPU = Release|Any CPU
	EndGlobalSection
	GlobalSection(ProjectConfigurationPlatforms) = postSolution
		{6BC66A43-C1C9-4210-8AE6-E87E0C77625D}.Debug|Any CPU.ActiveCfg = Debug|Any CPU
		{6BC66A43-C1C9-4210-8AE6-E87E0C77625D}.Debug|Any CPU.Build.0 = Debug|Any CPU
		{6BC66A43-C1C9-4210-8AE6-E87E0C77625D}.Release|Any CPU.ActiveCfg = Release|Any CPU
		{6BC66A43-C1C9-4210-8AE6-E87E0C77625D}.Release|Any CPU.Build.0 = Release|Any CPU
	EndGlobalSection
	GlobalSection(SolutionProperties) = preSolution
		HideSolutionNode = FALSE
	EndGlobalSection
	GlobalSection(ExtensibilityGlobals) = postSolution
		SolutionGuid = {478DC286-B2E0-4E24-87DD-B81CDC1A6A1D}
	EndGlobalSection
EndGlobal
