
Microsoft Visual Studio Solution File, Format Version 12.00
# Visual Studio 15
VisualStudioVersion = 15.0.28307.106
MinimumVisualStudioVersion = 10.0.40219.1
Project("{9A19103F-16F7-4668-BE54-9A1E7A4F7556}") = "P01_ Action_Point", "P01_ Action_Point\P01_ Action_Point.csproj", "{DF9B72C6-A824-48A6-A650-9206ACDBFEA9}"
EndProject
Project("{9A19103F-16F7-4668-BE54-9A1E7A4F7556}") = "P02_Knights_of_Honor", "P02_Knights_of_Honor\P02_Knights_of_Honor.csproj", "{2F840CD9-5CD5-4E48-968B-0E8584232BAE}"
EndProject
Project("{9A19103F-16F7-4668-BE54-9A1E7A4F7556}") = "P03_Custom_Min_Function", "P03_Custom_Min_Function\P03_Custom_Min_Function.csproj", "{CAE25FD2-22D5-4B45-822D-585774981C11}"
EndProject
Project("{9A19103F-16F7-4668-BE54-9A1E7A4F7556}") = "P04_Find_Evens_or_Odds", "P04_Find_Evens_or_Odds\P04_Find_Evens_or_Odds.csproj", "{57DF8943-12B3-4D2B-8BF9-32ED86A7883D}"
EndProject
Project("{9A19103F-16F7-4668-BE54-9A1E7A4F7556}") = "P05_Applied_Arithmetics", "P05_Applied_Arithmetics\P05_Applied_Arithmetics.csproj", "{6CA8EA90-47E0-4812-A474-2CD9625497C4}"
EndProject
Project("{9A19103F-16F7-4668-BE54-9A1E7A4F7556}") = "P06_Reverse_And_Exclude", "P06_Reverse_And_Exclude\P06_Reverse_And_Exclude.csproj", "{577257D6-0124-44C3-A063-09F0E539FA89}"
EndProject
Project("{9A19103F-16F7-4668-BE54-9A1E7A4F7556}") = "P07_Predicate_For_Names", "P07_Predicate_For_Names\P07_Predicate_For_Names.csproj", "{FFEACC13-9562-49D9-8023-2A8ABAA4C89D}"
EndProject
Project("{9A19103F-16F7-4668-BE54-9A1E7A4F7556}") = "P08_Custom_Comparator", "P08_Custom_Comparator\P08_Custom_Comparator.csproj", "{DC34815C-0946-4B7B-852B-83886B9E2DB3}"
EndProject
Project("{FAE04EC0-301F-11D3-BF4B-00C04F79EFBC}") = "P09_List_Of_Predicates", "P09_List_Of_Predicates\P09_List_Of_Predicates.csproj", "{BBE00CE1-E157-4C06-9CCF-36D8FB7C21D1}"
EndProject
Project("{FAE04EC0-301F-11D3-BF4B-00C04F79EFBC}") = "P10_Predicate_Party", "P10_Predicate_Party\P10_Predicate_Party.csproj", "{9A11E62F-9A7B-4ECE-A1D9-D4EDA4861AEA}"
EndProject
Project("{FAE04EC0-301F-11D3-BF4B-00C04F79EFBC}") = "P11_The_Party_ReservationFilter_Module", "P11_The_Party_ReservationFilter_Module\P11_The_Party_ReservationFilter_Module.csproj", "{6A76202E-FC18-4988-9B1E-1AA650BFD3A3}"
EndProject
Project("{FAE04EC0-301F-11D3-BF4B-00C04F79EFBC}") = "P12_Inferno_III", "P12_Inferno_III\P12_Inferno_III.csproj", "{2D926951-2647-4D25-A9E4-C081C2904DF2}"
EndProject
Project("{FAE04EC0-301F-11D3-BF4B-00C04F79EFBC}") = "P13_TriFunction", "P13_TriFunction\P13_TriFunction.csproj", "{D39E40C9-89BC-45B9-9917-AE08C5F5E974}"
EndProject
Global
	GlobalSection(SolutionConfigurationPlatforms) = preSolution
		Debug|Any CPU = Debug|Any CPU
		Release|Any CPU = Release|Any CPU
	EndGlobalSection
	GlobalSection(ProjectConfigurationPlatforms) = postSolution
		{DF9B72C6-A824-48A6-A650-9206ACDBFEA9}.Debug|Any CPU.ActiveCfg = Debug|Any CPU
		{DF9B72C6-A824-48A6-A650-9206ACDBFEA9}.Debug|Any CPU.Build.0 = Debug|Any CPU
		{DF9B72C6-A824-48A6-A650-9206ACDBFEA9}.Release|Any CPU.ActiveCfg = Release|Any CPU
		{DF9B72C6-A824-48A6-A650-9206ACDBFEA9}.Release|Any CPU.Build.0 = Release|Any CPU
		{2F840CD9-5CD5-4E48-968B-0E8584232BAE}.Debug|Any CPU.ActiveCfg = Debug|Any CPU
		{2F840CD9-5CD5-4E48-968B-0E8584232BAE}.Debug|Any CPU.Build.0 = Debug|Any CPU
		{2F840CD9-5CD5-4E48-968B-0E8584232BAE}.Release|Any CPU.ActiveCfg = Release|Any CPU
		{2F840CD9-5CD5-4E48-968B-0E8584232BAE}.Release|Any CPU.Build.0 = Release|Any CPU
		{CAE25FD2-22D5-4B45-822D-585774981C11}.Debug|Any CPU.ActiveCfg = Debug|Any CPU
		{CAE25FD2-22D5-4B45-822D-585774981C11}.Debug|Any CPU.Build.0 = Debug|Any CPU
		{CAE25FD2-22D5-4B45-822D-585774981C11}.Release|Any CPU.ActiveCfg = Release|Any CPU
		{CAE25FD2-22D5-4B45-822D-585774981C11}.Release|Any CPU.Build.0 = Release|Any CPU
		{57DF8943-12B3-4D2B-8BF9-32ED86A7883D}.Debug|Any CPU.ActiveCfg = Debug|Any CPU
		{57DF8943-12B3-4D2B-8BF9-32ED86A7883D}.Debug|Any CPU.Build.0 = Debug|Any CPU
		{57DF8943-12B3-4D2B-8BF9-32ED86A7883D}.Release|Any CPU.ActiveCfg = Release|Any CPU
		{57DF8943-12B3-4D2B-8BF9-32ED86A7883D}.Release|Any CPU.Build.0 = Release|Any CPU
		{6CA8EA90-47E0-4812-A474-2CD9625497C4}.Debug|Any CPU.ActiveCfg = Debug|Any CPU
		{6CA8EA90-47E0-4812-A474-2CD9625497C4}.Debug|Any CPU.Build.0 = Debug|Any CPU
		{6CA8EA90-47E0-4812-A474-2CD9625497C4}.Release|Any CPU.ActiveCfg = Release|Any CPU
		{6CA8EA90-47E0-4812-A474-2CD9625497C4}.Release|Any CPU.Build.0 = Release|Any CPU
		{577257D6-0124-44C3-A063-09F0E539FA89}.Debug|Any CPU.ActiveCfg = Debug|Any CPU
		{577257D6-0124-44C3-A063-09F0E539FA89}.Debug|Any CPU.Build.0 = Debug|Any CPU
		{577257D6-0124-44C3-A063-09F0E539FA89}.Release|Any CPU.ActiveCfg = Release|Any CPU
		{577257D6-0124-44C3-A063-09F0E539FA89}.Release|Any CPU.Build.0 = Release|Any CPU
		{FFEACC13-9562-49D9-8023-2A8ABAA4C89D}.Debug|Any CPU.ActiveCfg = Debug|Any CPU
		{FFEACC13-9562-49D9-8023-2A8ABAA4C89D}.Debug|Any CPU.Build.0 = Debug|Any CPU
		{FFEACC13-9562-49D9-8023-2A8ABAA4C89D}.Release|Any CPU.ActiveCfg = Release|Any CPU
		{FFEACC13-9562-49D9-8023-2A8ABAA4C89D}.Release|Any CPU.Build.0 = Release|Any CPU
		{DC34815C-0946-4B7B-852B-83886B9E2DB3}.Debug|Any CPU.ActiveCfg = Debug|Any CPU
		{DC34815C-0946-4B7B-852B-83886B9E2DB3}.Debug|Any CPU.Build.0 = Debug|Any CPU
		{DC34815C-0946-4B7B-852B-83886B9E2DB3}.Release|Any CPU.ActiveCfg = Release|Any CPU
		{DC34815C-0946-4B7B-852B-83886B9E2DB3}.Release|Any CPU.Build.0 = Release|Any CPU
		{BBE00CE1-E157-4C06-9CCF-36D8FB7C21D1}.Debug|Any CPU.ActiveCfg = Debug|Any CPU
		{BBE00CE1-E157-4C06-9CCF-36D8FB7C21D1}.Debug|Any CPU.Build.0 = Debug|Any CPU
		{BBE00CE1-E157-4C06-9CCF-36D8FB7C21D1}.Release|Any CPU.ActiveCfg = Release|Any CPU
		{BBE00CE1-E157-4C06-9CCF-36D8FB7C21D1}.Release|Any CPU.Build.0 = Release|Any CPU
		{9A11E62F-9A7B-4ECE-A1D9-D4EDA4861AEA}.Debug|Any CPU.ActiveCfg = Debug|Any CPU
		{9A11E62F-9A7B-4ECE-A1D9-D4EDA4861AEA}.Debug|Any CPU.Build.0 = Debug|Any CPU
		{9A11E62F-9A7B-4ECE-A1D9-D4EDA4861AEA}.Release|Any CPU.ActiveCfg = Release|Any CPU
		{9A11E62F-9A7B-4ECE-A1D9-D4EDA4861AEA}.Release|Any CPU.Build.0 = Release|Any CPU
		{6A76202E-FC18-4988-9B1E-1AA650BFD3A3}.Debug|Any CPU.ActiveCfg = Debug|Any CPU
		{6A76202E-FC18-4988-9B1E-1AA650BFD3A3}.Debug|Any CPU.Build.0 = Debug|Any CPU
		{6A76202E-FC18-4988-9B1E-1AA650BFD3A3}.Release|Any CPU.ActiveCfg = Release|Any CPU
		{6A76202E-FC18-4988-9B1E-1AA650BFD3A3}.Release|Any CPU.Build.0 = Release|Any CPU
		{2D926951-2647-4D25-A9E4-C081C2904DF2}.Debug|Any CPU.ActiveCfg = Debug|Any CPU
		{2D926951-2647-4D25-A9E4-C081C2904DF2}.Debug|Any CPU.Build.0 = Debug|Any CPU
		{2D926951-2647-4D25-A9E4-C081C2904DF2}.Release|Any CPU.ActiveCfg = Release|Any CPU
		{2D926951-2647-4D25-A9E4-C081C2904DF2}.Release|Any CPU.Build.0 = Release|Any CPU
		{D39E40C9-89BC-45B9-9917-AE08C5F5E974}.Debug|Any CPU.ActiveCfg = Debug|Any CPU
		{D39E40C9-89BC-45B9-9917-AE08C5F5E974}.Debug|Any CPU.Build.0 = Debug|Any CPU
		{D39E40C9-89BC-45B9-9917-AE08C5F5E974}.Release|Any CPU.ActiveCfg = Release|Any CPU
		{D39E40C9-89BC-45B9-9917-AE08C5F5E974}.Release|Any CPU.Build.0 = Release|Any CPU
	EndGlobalSection
	GlobalSection(SolutionProperties) = preSolution
		HideSolutionNode = FALSE
	EndGlobalSection
	GlobalSection(ExtensibilityGlobals) = postSolution
		SolutionGuid = {7A230F7F-7879-4112-A0D5-C40287788DF3}
	EndGlobalSection
EndGlobal
