
Microsoft Visual Studio Solution File, Format Version 12.00
# Visual Studio 15
VisualStudioVersion = 15.0.28307.106
MinimumVisualStudioVersion = 10.0.40219.1
Project("{FAE04EC0-301F-11D3-BF4B-00C04F79EFBC}") = "P01-Sort Even Numbers", "P01-Sort Even Numbers\P01-Sort Even Numbers.csproj", "{CCB0AAC6-24E2-44BD-9D1A-9E3D1D53EDCC}"
EndProject
Project("{FAE04EC0-301F-11D3-BF4B-00C04F79EFBC}") = "P02-Sum Numbers", "P02-Sum Numbers\P02-Sum Numbers.csproj", "{B689A535-5C6B-42E0-8D4C-73A84BD29088}"
EndProject
Project("{FAE04EC0-301F-11D3-BF4B-00C04F79EFBC}") = "p03_Count Uppercase Words", "p03_Count Uppercase Words\p03_Count Uppercase Words.csproj", "{1638F3B6-CA22-45C7-8289-47B0122F703E}"
EndProject
Project("{FAE04EC0-301F-11D3-BF4B-00C04F79EFBC}") = "P04_ Add VAT", "P04_ Add VAT\P04_ Add VAT.csproj", "{92066DC9-8C3E-4365-8BAD-AF31F27CDC56}"
EndProject
Project("{FAE04EC0-301F-11D3-BF4B-00C04F79EFBC}") = "P05_Filter By Age", "P05_Filter By Age\P05_Filter By Age.csproj", "{D4423D51-EAC6-45F4-95CD-D58ADBD1D3C2}"
EndProject
Global
	GlobalSection(SolutionConfigurationPlatforms) = preSolution
		Debug|Any CPU = Debug|Any CPU
		Release|Any CPU = Release|Any CPU
	EndGlobalSection
	GlobalSection(ProjectConfigurationPlatforms) = postSolution
		{CCB0AAC6-24E2-44BD-9D1A-9E3D1D53EDCC}.Debug|Any CPU.ActiveCfg = Debug|Any CPU
		{CCB0AAC6-24E2-44BD-9D1A-9E3D1D53EDCC}.Debug|Any CPU.Build.0 = Debug|Any CPU
		{CCB0AAC6-24E2-44BD-9D1A-9E3D1D53EDCC}.Release|Any CPU.ActiveCfg = Release|Any CPU
		{CCB0AAC6-24E2-44BD-9D1A-9E3D1D53EDCC}.Release|Any CPU.Build.0 = Release|Any CPU
		{B689A535-5C6B-42E0-8D4C-73A84BD29088}.Debug|Any CPU.ActiveCfg = Debug|Any CPU
		{B689A535-5C6B-42E0-8D4C-73A84BD29088}.Debug|Any CPU.Build.0 = Debug|Any CPU
		{B689A535-5C6B-42E0-8D4C-73A84BD29088}.Release|Any CPU.ActiveCfg = Release|Any CPU
		{B689A535-5C6B-42E0-8D4C-73A84BD29088}.Release|Any CPU.Build.0 = Release|Any CPU
		{1638F3B6-CA22-45C7-8289-47B0122F703E}.Debug|Any CPU.ActiveCfg = Debug|Any CPU
		{1638F3B6-CA22-45C7-8289-47B0122F703E}.Debug|Any CPU.Build.0 = Debug|Any CPU
		{1638F3B6-CA22-45C7-8289-47B0122F703E}.Release|Any CPU.ActiveCfg = Release|Any CPU
		{1638F3B6-CA22-45C7-8289-47B0122F703E}.Release|Any CPU.Build.0 = Release|Any CPU
		{92066DC9-8C3E-4365-8BAD-AF31F27CDC56}.Debug|Any CPU.ActiveCfg = Debug|Any CPU
		{92066DC9-8C3E-4365-8BAD-AF31F27CDC56}.Debug|Any CPU.Build.0 = Debug|Any CPU
		{92066DC9-8C3E-4365-8BAD-AF31F27CDC56}.Release|Any CPU.ActiveCfg = Release|Any CPU
		{92066DC9-8C3E-4365-8BAD-AF31F27CDC56}.Release|Any CPU.Build.0 = Release|Any CPU
		{D4423D51-EAC6-45F4-95CD-D58ADBD1D3C2}.Debug|Any CPU.ActiveCfg = Debug|Any CPU
		{D4423D51-EAC6-45F4-95CD-D58ADBD1D3C2}.Debug|Any CPU.Build.0 = Debug|Any CPU
		{D4423D51-EAC6-45F4-95CD-D58ADBD1D3C2}.Release|Any CPU.ActiveCfg = Release|Any CPU
		{D4423D51-EAC6-45F4-95CD-D58ADBD1D3C2}.Release|Any CPU.Build.0 = Release|Any CPU
	EndGlobalSection
	GlobalSection(SolutionProperties) = preSolution
		HideSolutionNode = FALSE
	EndGlobalSection
	GlobalSection(ExtensibilityGlobals) = postSolution
		SolutionGuid = {41351408-FDFC-4149-9F41-5897469120B6}
	EndGlobalSection
EndGlobal
